
Microsoft Visual Studio Solution File, Format Version 12.00
# Visual Studio Version 16
VisualStudioVersion = 16.0.30309.148
MinimumVisualStudioVersion = 10.0.40219.1
Project("{FAE04EC0-301F-11D3-BF4B-00C04F79EFBC}") = "TesteAutomacao.iLAB", "TesteAutomacao.iLAB\TesteAutomacao.iLAB.csproj", "{301FBBAB-1DCE-4DA2-86A5-A8298206286C}"
EndProject
Global
	GlobalSection(SolutionConfigurationPlatforms) = preSolution
		Debug|Any CPU = Debug|Any CPU
		Release|Any CPU = Release|Any CPU
	EndGlobalSection
	GlobalSection(ProjectConfigurationPlatforms) = postSolution
		{301FBBAB-1DCE-4DA2-86A5-A8298206286C}.Debug|Any CPU.ActiveCfg = Debug|Any CPU
		{301FBBAB-1DCE-4DA2-86A5-A8298206286C}.Debug|Any CPU.Build.0 = Debug|Any CPU
		{301FBBAB-1DCE-4DA2-86A5-A8298206286C}.Release|Any CPU.ActiveCfg = Release|Any CPU
		{301FBBAB-1DCE-4DA2-86A5-A8298206286C}.Release|Any CPU.Build.0 = Release|Any CPU
	EndGlobalSection
	GlobalSection(SolutionProperties) = preSolution
		HideSolutionNode = FALSE
	EndGlobalSection
	GlobalSection(ExtensibilityGlobals) = postSolution
		SolutionGuid = {C2535F49-7352-442C-B89E-E70526BD94C1}
	EndGlobalSection
EndGlobal
